# THIS IS AN AUTOGENERATED FILE. DO NOT EDIT THIS FILE DIRECTLY.
# yarn lockfile v1


"@types/babel-types@*", "@types/babel-types@^7.0.0":
  "integrity" "sha512-dBtBbrc+qTHy1WdfHYjBwRln4+LWqASWakLHsWHR2NWHIFkv4W3O070IGoGLEBrJBvct3r0L1BUPuvURi7kYUQ=="
  "resolved" "https://registry.npmjs.org/@types/babel-types/-/babel-types-7.0.7.tgz"
  "version" "7.0.7"

"@types/babylon@^6.16.2":
  "integrity" "sha512-xH2e58elpj1X4ynnKp9qSnWlsRTIs6n3tgLGNfwAGHwePw0mulHQllV34n0T25uYSu1k0hRKkWXF890B1yS47w=="
  "resolved" "https://registry.npmjs.org/@types/babylon/-/babylon-6.16.5.tgz"
  "version" "6.16.5"
  dependencies:
    "@types/babel-types" "*"

"abbrev@1":
  "version" "1.1.1"

"accepts@~1.3.5":
  "integrity" "sha512-Il80Qs2WjYlJIBNzNkK6KYqlVMTbZLXgHx2oT0pU/fjRHyEp+PEfEPY0R3WCwAGVOtauxh1hOxNgIf5bv7dQpA=="
  "resolved" "https://registry.npmjs.org/accepts/-/accepts-1.3.7.tgz"
  "version" "1.3.7"
  dependencies:
    "mime-types" "~2.1.24"
    "negotiator" "0.6.2"

"acorn-globals@^3.0.0":
  "integrity" "sha1-/YJw9x+7SZawBPqIDuXUZXOnMb8="
  "resolved" "https://registry.npmjs.org/acorn-globals/-/acorn-globals-3.1.0.tgz"
  "version" "3.1.0"
  dependencies:
    "acorn" "^4.0.4"

"acorn@^3.1.0":
  "integrity" "sha1-ReN/s56No/JbruP/U2niu18iAXo="
  "resolved" "https://registry.npmjs.org/acorn/-/acorn-3.3.0.tgz"
  "version" "3.3.0"

"acorn@^4.0.4":
  "integrity" "sha1-EFSVrlNh1pe9GVyCUZLhrX8lN4c="
  "resolved" "https://registry.npmjs.org/acorn/-/acorn-4.0.13.tgz"
  "version" "4.0.13"

"acorn@~4.0.2":
  "integrity" "sha1-EFSVrlNh1pe9GVyCUZLhrX8lN4c="
  "resolved" "https://registry.npmjs.org/acorn/-/acorn-4.0.13.tgz"
  "version" "4.0.13"

"align-text@^0.1.1", "align-text@^0.1.3":
  "integrity" "sha1-DNkKVhCT810KmSVsIrcGlDP60Rc="
  "resolved" "https://registry.npmjs.org/align-text/-/align-text-0.1.4.tgz"
  "version" "0.1.4"
  dependencies:
    "kind-of" "^3.0.2"
    "longest" "^1.0.1"
    "repeat-string" "^1.5.2"

"amdefine@>=0.0.4":
  "integrity" "sha1-SlKCrBZHKek2Gbz9OtFR+BfOkfU="
  "resolved" "https://registry.npmjs.org/amdefine/-/amdefine-1.0.1.tgz"
  "version" "1.0.1"

"ansi-regex@^2.0.0":
  "version" "2.1.1"

"aproba@^1.0.3":
  "version" "1.2.0"

"are-we-there-yet@~1.1.2":
  "version" "1.1.5"
  dependencies:
    "delegates" "^1.0.0"
    "readable-stream" "^2.0.6"

"array-flatten@1.1.1":
  "integrity" "sha1-ml9pkFGx5wczKPKgCJaLZOopVdI="
  "resolved" "https://registry.npmjs.org/array-flatten/-/array-flatten-1.1.1.tgz"
  "version" "1.1.1"

"asap@~2.0.3":
  "integrity" "sha1-5QNHYR1+aQlDIIu9r+vLwvuGbUY="
  "resolved" "https://registry.npmjs.org/asap/-/asap-2.0.6.tgz"
  "version" "2.0.6"

"babel-runtime@^6.26.0":
  "integrity" "sha1-llxwWGaOgrVde/4E/yM3vItWR/4="
  "resolved" "https://registry.npmjs.org/babel-runtime/-/babel-runtime-6.26.0.tgz"
  "version" "6.26.0"
  dependencies:
    "core-js" "^2.4.0"
    "regenerator-runtime" "^0.11.0"

"babel-types@^6.26.0":
  "integrity" "sha1-o7Bz+Uq0nrb6Vc1lInozQ4BjJJc="
  "resolved" "https://registry.npmjs.org/babel-types/-/babel-types-6.26.0.tgz"
  "version" "6.26.0"
  dependencies:
    "babel-runtime" "^6.26.0"
    "esutils" "^2.0.2"
    "lodash" "^4.17.4"
    "to-fast-properties" "^1.0.3"

"babylon@^6.18.0":
  "integrity" "sha512-q/UEjfGJ2Cm3oKV71DJz9d25TPnq5rhBVL2Q4fA5wcC3jcrdn7+SssEybFIxwAvvP+YCsCYNKughoF33GxgycQ=="
  "resolved" "https://registry.npmjs.org/babylon/-/babylon-6.18.0.tgz"
  "version" "6.18.0"

"balanced-match@^1.0.0":
  "version" "1.0.0"

"basic-auth@~2.0.0":
  "integrity" "sha512-NF+epuEdnUYVlGuhaxbbq+dvJttwLnGY+YixlXlME5KpQ5W3CnXA5cVTneY3SPbPDRkcjMbifrwmFYcClgOZeg=="
  "resolved" "https://registry.npmjs.org/basic-auth/-/basic-auth-2.0.1.tgz"
  "version" "2.0.1"
  dependencies:
    "safe-buffer" "5.1.2"

"bintrees@1.0.1":
  "integrity" "sha1-DmVcm5wkNeqraL9AJyJtK1WjRSQ="
  "resolved" "https://registry.npmjs.org/bintrees/-/bintrees-1.0.1.tgz"
  "version" "1.0.1"

"body-parser@1.18.3":
  "integrity" "sha1-WykhmP/dVTs6DyDe0FkrlWlVyLQ="
  "resolved" "https://registry.npmjs.org/body-parser/-/body-parser-1.18.3.tgz"
  "version" "1.18.3"
  dependencies:
    "bytes" "3.0.0"
    "content-type" "~1.0.4"
    "debug" "2.6.9"
    "depd" "~1.1.2"
    "http-errors" "~1.6.3"
    "iconv-lite" "0.4.23"
    "on-finished" "~2.3.0"
    "qs" "6.5.2"
    "raw-body" "2.3.3"
    "type-is" "~1.6.16"

"brace-expansion@^1.1.7":
  "version" "1.1.11"
  dependencies:
    "balanced-match" "^1.0.0"
    "concat-map" "0.0.1"

"bytes@3.0.0":
  "integrity" "sha1-0ygVQE1olpn4Wk6k+odV3ROpYEg="
  "resolved" "https://registry.npmjs.org/bytes/-/bytes-3.0.0.tgz"
  "version" "3.0.0"

"camelcase@^1.0.2":
  "integrity" "sha1-m7UwTS4LVmmLLHWLCKPqqdqlijk="
  "resolved" "https://registry.npmjs.org/camelcase/-/camelcase-1.2.1.tgz"
  "version" "1.2.1"

"center-align@^0.1.1":
  "integrity" "sha1-qg0yYptu6XIgBBHL1EYckHvCt60="
  "resolved" "https://registry.npmjs.org/center-align/-/center-align-0.1.3.tgz"
  "version" "0.1.3"
  dependencies:
    "align-text" "^0.1.3"
    "lazy-cache" "^1.0.3"

"character-parser@^2.1.1":
  "integrity" "sha1-x84o821LzZdE5f/CxfzeHHMmH8A="
  "resolved" "https://registry.npmjs.org/character-parser/-/character-parser-2.2.0.tgz"
  "version" "2.2.0"
  dependencies:
    "is-regex" "^1.0.3"

"chownr@^1.1.1":
  "version" "1.1.1"

"clean-css@^3.3.0":
  "integrity" "sha1-vxlF6C/ICPVWlebd6uwBQA79A/8="
  "resolved" "https://registry.npmjs.org/clean-css/-/clean-css-3.4.28.tgz"
  "version" "3.4.28"
  dependencies:
    "commander" "2.8.x"
    "source-map" "0.4.x"

"cliui@^2.1.0":
  "integrity" "sha1-S0dXYP+AJkx2LDoXGQMukcf+oNE="
  "resolved" "https://registry.npmjs.org/cliui/-/cliui-2.1.0.tgz"
  "version" "2.1.0"
  dependencies:
    "center-align" "^0.1.1"
    "right-align" "^0.1.1"
    "wordwrap" "0.0.2"

"code-point-at@^1.0.0":
  "version" "1.1.0"

"commander@2.8.x":
  "integrity" "sha1-Br42f+v9oMMwqh4qBy09yXYkJdQ="
  "resolved" "https://registry.npmjs.org/commander/-/commander-2.8.1.tgz"
  "version" "2.8.1"
  dependencies:
    "graceful-readlink" ">= 1.0.0"

"concat-map@0.0.1":
  "version" "0.0.1"

"console-control-strings@^1.0.0", "console-control-strings@~1.1.0":
  "version" "1.1.0"

"constantinople@^3.0.1":
  "integrity" "sha512-yePcBqEFhLOqSBtwYOGGS1exHo/s1xjekXiinh4itpNQGCu4KA1euPh1fg07N2wMITZXQkBz75Ntdt1ctGZouw=="
  "resolved" "https://registry.npmjs.org/constantinople/-/constantinople-3.1.2.tgz"
  "version" "3.1.2"
  dependencies:
    "@types/babel-types" "^7.0.0"
    "@types/babylon" "^6.16.2"
    "babel-types" "^6.26.0"
    "babylon" "^6.18.0"

"content-disposition@0.5.2":
  "integrity" "sha1-DPaLud318r55YcOoUXjLhdunjLQ="
  "resolved" "https://registry.npmjs.org/content-disposition/-/content-disposition-0.5.2.tgz"
  "version" "0.5.2"

"content-type@~1.0.4":
  "integrity" "sha512-hIP3EEPs8tB9AT1L+NUqtwOAps4mk2Zob89MWXMHjHWg9milF/j4osnnQLXBCBFBk/tvIG/tUc9mOUJiPBhPXA=="
  "resolved" "https://registry.npmjs.org/content-type/-/content-type-1.0.4.tgz"
  "version" "1.0.4"

"cookie-parser@~1.4.4":
  "integrity" "sha512-f13bPUj/gG/5mDr+xLmSxxDsB9DQiTIfhJS/sqjrmfAWiAN+x2O4i/XguTL9yDZ+/IFDanJ+5x7hC4CXT9Tdzw=="
  "resolved" "https://registry.npmjs.org/cookie-parser/-/cookie-parser-1.4.5.tgz"
  "version" "1.4.5"
  dependencies:
    "cookie" "0.4.0"
    "cookie-signature" "1.0.6"

"cookie-signature@1.0.6":
  "integrity" "sha1-4wOogrNCzD7oylE6eZmXNNqzriw="
  "resolved" "https://registry.npmjs.org/cookie-signature/-/cookie-signature-1.0.6.tgz"
  "version" "1.0.6"

"cookie@0.3.1":
  "integrity" "sha1-5+Ch+e9DtMi6klxcWpboBtFoc7s="
  "resolved" "https://registry.npmjs.org/cookie/-/cookie-0.3.1.tgz"
  "version" "0.3.1"

"cookie@0.4.0":
  "integrity" "sha512-+Hp8fLp57wnUSt0tY0tHEXh4voZRDnoIrZPqlo3DPiI4y9lwg/jqx+1Om94/W6ZaPDOUbnjOt/99w66zk+l1Xg=="
  "resolved" "https://registry.npmjs.org/cookie/-/cookie-0.4.0.tgz"
  "version" "0.4.0"

"core-js@^2.4.0":
  "integrity" "sha512-5wjnpaT/3dV+XB4borEsnAYQchn00XSgTAWKDkEqv+K8KevjbzmofK6hfJ9TZIlpj2N0xQpazy7PiRQiWHqzWg=="
  "resolved" "https://registry.npmjs.org/core-js/-/core-js-2.6.11.tgz"
  "version" "2.6.11"

"core-util-is@~1.0.0":
  "version" "1.0.2"

"debug@^4.1.0":
  "version" "4.1.1"
  dependencies:
    "ms" "^2.1.1"

"debug@~2.6.9", "debug@2.6.9":
  "integrity" "sha512-bC7ElrdJaJnPbAP+1EotYvqZsb3ecl5wi6Bfi6BJTUcNowp6cvspg0jXznRTKDjm/E7AdgFBVeAPVMNcKGsHMA=="
  "resolved" "https://registry.npmjs.org/debug/-/debug-2.6.9.tgz"
  "version" "2.6.9"
  dependencies:
    "ms" "2.0.0"

"decamelize@^1.0.0":
  "integrity" "sha1-9lNNFRSCabIDUue+4m9QH5oZEpA="
  "resolved" "https://registry.npmjs.org/decamelize/-/decamelize-1.2.0.tgz"
  "version" "1.2.0"

"deep-extend@^0.6.0":
  "version" "0.6.0"

"delegates@^1.0.0":
  "version" "1.0.0"

"depd@~1.1.0", "depd@~1.1.2":
  "integrity" "sha1-m81S4UwJd2PnSbJ0xDRu0uVgtak="
  "resolved" "https://registry.npmjs.org/depd/-/depd-1.1.2.tgz"
  "version" "1.1.2"

"destroy@~1.0.4":
  "integrity" "sha1-l4hXRCxEdJ5CBmE+N5RiBYJqvYA="
  "resolved" "https://registry.npmjs.org/destroy/-/destroy-1.0.4.tgz"
  "version" "1.0.4"

"detect-libc@^1.0.2":
  "version" "1.0.3"

"doctypes@^1.1.0":
  "integrity" "sha1-6oCxBqh1OHdOijpKWv4pPeSJ4Kk="
  "resolved" "https://registry.npmjs.org/doctypes/-/doctypes-1.1.0.tgz"
  "version" "1.1.0"

"ee-first@1.1.1":
  "integrity" "sha1-WQxhFWsK4vTwJVcyoViyZrxWsh0="
  "resolved" "https://registry.npmjs.org/ee-first/-/ee-first-1.1.1.tgz"
  "version" "1.1.1"

"encodeurl@~1.0.2":
  "integrity" "sha1-rT/0yG7C0CkyL1oCw6mmBslbP1k="
  "resolved" "https://registry.npmjs.org/encodeurl/-/encodeurl-1.0.2.tgz"
  "version" "1.0.2"

"escape-html@~1.0.3":
  "integrity" "sha1-Aljq5NPQwJdN4cFpGI7wBR0dGYg="
  "resolved" "https://registry.npmjs.org/escape-html/-/escape-html-1.0.3.tgz"
  "version" "1.0.3"

"esutils@^2.0.2":
  "integrity" "sha512-kVscqXk4OCp68SZ0dkgEKVi6/8ij300KBWTJq32P/dYeWTSwK41WyTxalN1eRmA5Z9UU/LX9D7FWSmV9SAYx6g=="
  "resolved" "https://registry.npmjs.org/esutils/-/esutils-2.0.3.tgz"
  "version" "2.0.3"

"etag@~1.8.1":
  "integrity" "sha1-Qa4u62XvpiJorr/qg6x9eSmbCIc="
  "resolved" "https://registry.npmjs.org/etag/-/etag-1.8.1.tgz"
  "version" "1.8.1"

"express-prometheus-middleware@^1.2.0":
  "integrity" "sha512-efSwft67rdtiW40D0im1f7Rz1TCGHGzPj6lfK0MxZDcPj6z4f/Ab5VNkWPYZEjvLqZiZ7fbS00CYzpigO8tS+g=="
  "resolved" "https://registry.npmjs.org/express-prometheus-middleware/-/express-prometheus-middleware-1.2.0.tgz"
  "version" "1.2.0"
  dependencies:
    "response-time" "^2.3.2"
    "url-value-parser" "^2.0.0"
  optionalDependencies:
    "prometheus-gc-stats" "^0.6.2"

"express@~4.16.1", "express@4.x":
  "integrity" "sha512-j12Uuyb4FMrd/qQAm6uCHAkPtO8FDTRJZBDd5D2KOL2eLaz1yUNdUB/NOIyq0iU4q4cFarsUCrnFDPBcnksuOg=="
  "resolved" "https://registry.npmjs.org/express/-/express-4.16.4.tgz"
  "version" "4.16.4"
  dependencies:
    "accepts" "~1.3.5"
    "array-flatten" "1.1.1"
    "body-parser" "1.18.3"
    "content-disposition" "0.5.2"
    "content-type" "~1.0.4"
    "cookie" "0.3.1"
    "cookie-signature" "1.0.6"
    "debug" "2.6.9"
    "depd" "~1.1.2"
    "encodeurl" "~1.0.2"
    "escape-html" "~1.0.3"
    "etag" "~1.8.1"
    "finalhandler" "1.1.1"
    "fresh" "0.5.2"
    "merge-descriptors" "1.0.1"
    "methods" "~1.1.2"
    "on-finished" "~2.3.0"
    "parseurl" "~1.3.2"
    "path-to-regexp" "0.1.7"
    "proxy-addr" "~2.0.4"
    "qs" "6.5.2"
    "range-parser" "~1.2.0"
    "safe-buffer" "5.1.2"
    "send" "0.16.2"
    "serve-static" "1.13.2"
    "setprototypeof" "1.1.0"
    "statuses" "~1.4.0"
    "type-is" "~1.6.16"
    "utils-merge" "1.0.1"
    "vary" "~1.1.2"

"finalhandler@1.1.1":
  "integrity" "sha512-Y1GUDo39ez4aHAw7MysnUD5JzYX+WaIj8I57kO3aEPT1fFRL4sr7mjei97FgnwhAyyzRYmQZaTHb2+9uZ1dPtg=="
  "resolved" "https://registry.npmjs.org/finalhandler/-/finalhandler-1.1.1.tgz"
  "version" "1.1.1"
  dependencies:
    "debug" "2.6.9"
    "encodeurl" "~1.0.2"
    "escape-html" "~1.0.3"
    "on-finished" "~2.3.0"
    "parseurl" "~1.3.2"
    "statuses" "~1.4.0"
    "unpipe" "~1.0.0"

"forwarded@~0.1.2":
  "integrity" "sha1-mMI9qxF1ZXuMBXPozszZGw/xjIQ="
  "resolved" "https://registry.npmjs.org/forwarded/-/forwarded-0.1.2.tgz"
  "version" "0.1.2"

"fresh@0.5.2":
  "integrity" "sha1-PYyt2Q2XZWn6g1qx+OSyOhBWBac="
  "resolved" "https://registry.npmjs.org/fresh/-/fresh-0.5.2.tgz"
  "version" "0.5.2"

"fs-minipass@^1.2.5":
  "version" "1.2.5"
  dependencies:
    "minipass" "^2.2.1"

"fs.realpath@^1.0.0":
  "version" "1.0.0"

"function-bind@^1.1.1":
  "integrity" "sha512-yIovAzMX49sF8Yl58fSCWJ5svSLuaibPxXQJFLmBObTuCr0Mf1KiPopGM9NiFjiYBCbfaa2Fh6breQ6ANVTI0A=="
  "resolved" "https://registry.npmjs.org/function-bind/-/function-bind-1.1.1.tgz"
  "version" "1.1.1"

"gauge@~2.7.3":
  "version" "2.7.4"
  dependencies:
    "aproba" "^1.0.3"
    "console-control-strings" "^1.0.0"
    "has-unicode" "^2.0.0"
    "object-assign" "^4.1.0"
    "signal-exit" "^3.0.0"
    "string-width" "^1.0.1"
    "strip-ansi" "^3.0.1"
    "wide-align" "^1.1.0"

"gc-stats@^1.4.0":
  "integrity" "sha512-4FcCj9e8j8rCjvLkqRpGZBLgTC/xr9XEf5By3x77cDucWWB3pJK6FEwXZCTCbb4z8xdaOoi4owBNrvn3ciDdxA=="
  "resolved" "https://registry.npmjs.org/gc-stats/-/gc-stats-1.4.0.tgz"
  "version" "1.4.0"
  dependencies:
    "nan" "^2.13.2"
    "node-pre-gyp" "^0.13.0"

"glob@^7.1.3":
  "version" "7.1.3"
  dependencies:
    "fs.realpath" "^1.0.0"
    "inflight" "^1.0.4"
    "inherits" "2"
    "minimatch" "^3.0.4"
    "once" "^1.3.0"
    "path-is-absolute" "^1.0.0"

"graceful-readlink@>= 1.0.0":
  "integrity" "sha1-TK+tdrxi8C+gObL5Tpo906ORpyU="
  "resolved" "https://registry.npmjs.org/graceful-readlink/-/graceful-readlink-1.0.1.tgz"
  "version" "1.0.1"

"has-unicode@^2.0.0":
  "version" "2.0.1"

"has@^1.0.3":
  "integrity" "sha512-f2dvO0VU6Oej7RkWJGrehjbzMAjFp5/VKPp5tTpWIV4JHHZK1/BxbFRtf/siA2SWTe09caDmVtYYzWEIbBS4zw=="
  "resolved" "https://registry.npmjs.org/has/-/has-1.0.3.tgz"
  "version" "1.0.3"
  dependencies:
    "function-bind" "^1.1.1"

"http-errors@~1.6.2", "http-errors@~1.6.3", "http-errors@1.6.3":
  "integrity" "sha1-i1VoC7S+KDoLW/TqLjhYC+HZMg0="
  "resolved" "https://registry.npmjs.org/http-errors/-/http-errors-1.6.3.tgz"
  "version" "1.6.3"
  dependencies:
    "depd" "~1.1.2"
    "inherits" "2.0.3"
    "setprototypeof" "1.1.0"
    "statuses" ">= 1.4.0 < 2"

"iconv-lite@^0.4.4":
  "version" "0.4.24"
  dependencies:
    "safer-buffer" ">= 2.1.2 < 3"

"iconv-lite@0.4.23":
  "integrity" "sha512-neyTUVFtahjf0mB3dZT77u+8O0QB89jFdnBkd5P1JgYPbPaia3gXXOVL2fq8VyU2gMMD7SaN7QukTB/pmXYvDA=="
  "resolved" "https://registry.npmjs.org/iconv-lite/-/iconv-lite-0.4.23.tgz"
  "version" "0.4.23"
  dependencies:
    "safer-buffer" ">= 2.1.2 < 3"

"ignore-walk@^3.0.1":
  "version" "3.0.1"
  dependencies:
    "minimatch" "^3.0.4"

"inflight@^1.0.4":
  "version" "1.0.6"
  dependencies:
    "once" "^1.3.0"
    "wrappy" "1"

"inherits@~2.0.3", "inherits@2":
  "version" "2.0.3"

"inherits@2.0.3":
  "integrity" "sha1-Yzwsg+PaQqUC9SRmAiSA9CCCYd4="
  "resolved" "https://registry.npmjs.org/inherits/-/inherits-2.0.3.tgz"
  "version" "2.0.3"

"ini@~1.3.0":
  "version" "1.3.5"

"ipaddr.js@1.9.1":
  "integrity" "sha512-0KI/607xoxSToH7GjN1FfSbLoU0+btTicjsQSWQlh/hZykN8KpmMf7uYwPW3R+akZ6R/w18ZlXSHBYXiYUPO3g=="
  "resolved" "https://registry.npmjs.org/ipaddr.js/-/ipaddr.js-1.9.1.tgz"
  "version" "1.9.1"

"is-buffer@^1.1.5":
  "integrity" "sha512-NcdALwpXkTm5Zvvbk7owOUSvVvBKDgKP5/ewfXEznmQFfs4ZRmanOeKBTjRVjka3QFoN6XJ+9F3USqfHqTaU5w=="
  "resolved" "https://registry.npmjs.org/is-buffer/-/is-buffer-1.1.6.tgz"
  "version" "1.1.6"

"is-expression@^3.0.0":
  "integrity" "sha1-Oayqa+f9HzRx3ELHQW5hwkMXrJ8="
  "resolved" "https://registry.npmjs.org/is-expression/-/is-expression-3.0.0.tgz"
  "version" "3.0.0"
  dependencies:
    "acorn" "~4.0.2"
    "object-assign" "^4.0.1"

"is-fullwidth-code-point@^1.0.0":
  "version" "1.0.0"
  dependencies:
    "number-is-nan" "^1.0.0"

"is-promise@^2.0.0":
  "integrity" "sha512-+lP4/6lKUBfQjZ2pdxThZvLUAafmZb8OAxFb8XXtiQmS35INgr85hdOGoEs124ez1FCnZJt6jau/T+alh58QFQ=="
  "resolved" "https://registry.npmjs.org/is-promise/-/is-promise-2.2.2.tgz"
  "version" "2.2.2"

"is-regex@^1.0.3":
  "integrity" "sha512-vlKW17SNq44owv5AQR3Cq0bQPEb8+kF3UKZ2fiZNOWtztYE5i0CzCZxFDwO58qAOWtxdBRVO/V5Qin1wjCqFYQ=="
  "resolved" "https://registry.npmjs.org/is-regex/-/is-regex-1.0.5.tgz"
  "version" "1.0.5"
  dependencies:
    "has" "^1.0.3"

"isarray@~1.0.0":
  "version" "1.0.0"

"js-stringify@^1.0.1":
  "integrity" "sha1-Fzb939lyTyijaCrcYjCufk6Weds="
  "resolved" "https://registry.npmjs.org/js-stringify/-/js-stringify-1.0.2.tgz"
  "version" "1.0.2"

"jstransformer@1.0.0":
  "integrity" "sha1-7Yvwkh4vPx7U1cGkT2hwntJHIsM="
  "resolved" "https://registry.npmjs.org/jstransformer/-/jstransformer-1.0.0.tgz"
  "version" "1.0.0"
  dependencies:
    "is-promise" "^2.0.0"
    "promise" "^7.0.1"

"kind-of@^3.0.2":
  "integrity" "sha1-MeohpzS6ubuw8yRm2JOupR5KPGQ="
  "resolved" "https://registry.npmjs.org/kind-of/-/kind-of-3.2.2.tgz"
  "version" "3.2.2"
  dependencies:
    "is-buffer" "^1.1.5"

"lazy-cache@^1.0.3":
  "integrity" "sha1-odePw6UEdMuAhF07O24dpJpEbo4="
  "resolved" "https://registry.npmjs.org/lazy-cache/-/lazy-cache-1.0.4.tgz"
  "version" "1.0.4"

"lodash@^4.17.4":
  "integrity" "sha512-PlhdFcillOINfeV7Ni6oF1TAEayyZBoZ8bcshTHqOYJYlrqzRK5hagpagky5o4HfCzzd1TRkXPMFq6cKk9rGmA=="
  "resolved" "https://registry.npmjs.org/lodash/-/lodash-4.17.20.tgz"
  "version" "4.17.20"

"longest@^1.0.1":
  "integrity" "sha1-MKCy2jj3N3DoKUoNIuZiXtd9AJc="
  "resolved" "https://registry.npmjs.org/longest/-/longest-1.0.1.tgz"
  "version" "1.0.1"

"media-typer@0.3.0":
  "integrity" "sha1-hxDXrwqmJvj/+hzgAWhUUmMlV0g="
  "resolved" "https://registry.npmjs.org/media-typer/-/media-typer-0.3.0.tgz"
  "version" "0.3.0"

"merge-descriptors@1.0.1":
  "integrity" "sha1-sAqqVW3YtEVoFQ7J0blT8/kMu2E="
  "resolved" "https://registry.npmjs.org/merge-descriptors/-/merge-descriptors-1.0.1.tgz"
  "version" "1.0.1"

"methods@~1.1.2":
  "integrity" "sha1-VSmk1nZUE07cxSZmVoNbD4Ua/O4="
  "resolved" "https://registry.npmjs.org/methods/-/methods-1.1.2.tgz"
  "version" "1.1.2"

"mime-db@1.44.0":
  "integrity" "sha512-/NOTfLrsPBVeH7YtFPgsVWveuL+4SjjYxaQ1xtM1KMFj7HdxlBlxeyNLzhyJVx7r4rZGJAZ/6lkKCitSc/Nmpg=="
  "resolved" "https://registry.npmjs.org/mime-db/-/mime-db-1.44.0.tgz"
  "version" "1.44.0"

"mime-types@~2.1.24":
  "integrity" "sha512-JIhqnCasI9yD+SsmkquHBxTSEuZdQX5BuQnS2Vc7puQQQ+8yiP5AY5uWhpdv4YL4VM5c6iliiYWPgJ/nJQLp7w=="
  "resolved" "https://registry.npmjs.org/mime-types/-/mime-types-2.1.27.tgz"
  "version" "2.1.27"
  dependencies:
    "mime-db" "1.44.0"

"mime@1.4.1":
  "integrity" "sha512-KI1+qOZu5DcW6wayYHSzR/tXKCDC5Om4s1z2QJjDULzLcmf3DvzS7oluY4HCTrc+9FiKmWUgeNLg7W3uIQvxtQ=="
  "resolved" "https://registry.npmjs.org/mime/-/mime-1.4.1.tgz"
  "version" "1.4.1"

"minimatch@^3.0.4":
  "version" "3.0.4"
  dependencies:
    "brace-expansion" "^1.1.7"

"minimist@^1.2.0":
  "version" "1.2.0"

"minimist@0.0.8":
  "version" "0.0.8"

"minipass@^2.2.1", "minipass@^2.3.4":
  "version" "2.3.5"
  dependencies:
    "safe-buffer" "^5.1.2"
    "yallist" "^3.0.0"

"minizlib@^1.1.1":
  "version" "1.2.1"
  dependencies:
    "minipass" "^2.2.1"

"mkdirp@^0.5.0", "mkdirp@^0.5.1":
  "version" "0.5.1"
  dependencies:
    "minimist" "0.0.8"

"morgan@~1.9.1":
  "integrity" "sha512-HQStPIV4y3afTiCYVxirakhlCfGkI161c76kKFca7Fk1JusM//Qeo1ej2XaMniiNeaZklMVrh3vTtIzpzwbpmA=="
  "resolved" "https://registry.npmjs.org/morgan/-/morgan-1.9.1.tgz"
  "version" "1.9.1"
  dependencies:
    "basic-auth" "~2.0.0"
    "debug" "2.6.9"
    "depd" "~1.1.2"
    "on-finished" "~2.3.0"
    "on-headers" "~1.0.1"

"ms@^2.1.1":
  "version" "2.1.1"

"ms@2.0.0":
  "integrity" "sha1-VgiurfwAvmwpAd9fmGF4jeDVl8g="
  "resolved" "https://registry.npmjs.org/ms/-/ms-2.0.0.tgz"
  "version" "2.0.0"

"nan@^2.13.2":
  "integrity" "sha512-8ZtvEnA2c5aYCZYd1cvgdnU6cqwixRoYg70xPLWUws5ORTa/lnw+u4amixRS/Ac5U5mQVgp9pnlSUnbNWFaWZQ=="
  "resolved" "https://registry.npmjs.org/nan/-/nan-2.15.0.tgz"
  "version" "2.15.0"

"needle@^2.2.1":
  "version" "2.3.1"
  dependencies:
    "debug" "^4.1.0"
    "iconv-lite" "^0.4.4"
    "sax" "^1.2.4"

"negotiator@0.6.2":
  "integrity" "sha512-hZXc7K2e+PgeI1eDBe/10Ard4ekbfrrqG8Ep+8Jmf4JID2bNg7NvCPOZN+kfF574pFQI7mum2AUqDidoKqcTOw=="
  "resolved" "https://registry.npmjs.org/negotiator/-/negotiator-0.6.2.tgz"
  "version" "0.6.2"

"node-pre-gyp@^0.13.0":
  "version" "0.13.0"
  dependencies:
    "detect-libc" "^1.0.2"
    "mkdirp" "^0.5.1"
    "needle" "^2.2.1"
    "nopt" "^4.0.1"
    "npm-packlist" "^1.1.6"
    "npmlog" "^4.0.2"
    "rc" "^1.2.7"
    "rimraf" "^2.6.1"
    "semver" "^5.3.0"
    "tar" "^4"

"nopt@^4.0.1":
  "version" "4.0.1"
  dependencies:
    "abbrev" "1"
    "osenv" "^0.1.4"

"npm-bundled@^1.0.1":
  "version" "1.0.6"

"npm-packlist@^1.1.6":
  "version" "1.4.1"
  dependencies:
    "ignore-walk" "^3.0.1"
    "npm-bundled" "^1.0.1"

"npmlog@^4.0.2":
  "version" "4.1.2"
  dependencies:
    "are-we-there-yet" "~1.1.2"
    "console-control-strings" "~1.1.0"
    "gauge" "~2.7.3"
    "set-blocking" "~2.0.0"

"number-is-nan@^1.0.0":
  "version" "1.0.1"

"object-assign@^4.0.1", "object-assign@^4.1.0":
  "integrity" "sha1-IQmtx5ZYh8/AXLvUQsrIv7s2CGM="
  "resolved" "https://registry.npmjs.org/object-assign/-/object-assign-4.1.1.tgz"
  "version" "4.1.1"

"on-finished@~2.3.0":
  "integrity" "sha1-IPEzZIGwg811M3mSoWlxqi2QaUc="
  "resolved" "https://registry.npmjs.org/on-finished/-/on-finished-2.3.0.tgz"
  "version" "2.3.0"
  dependencies:
    "ee-first" "1.1.1"

"on-headers@~1.0.1":
  "integrity" "sha512-pZAE+FJLoyITytdqK0U5s+FIpjN0JP3OzFi/u8Rx+EV5/W+JTWGXG8xFzevE7AjBfDqHv/8vL8qQsIhHnqRkrA=="
  "resolved" "https://registry.npmjs.org/on-headers/-/on-headers-1.0.2.tgz"
  "version" "1.0.2"

"once@^1.3.0":
  "version" "1.4.0"
  dependencies:
    "wrappy" "1"

"optional@^0.1.3":
  "integrity" "sha512-gtvrrCfkE08wKcgXaVwQVgwEQ8vel2dc5DDBn9RLQZ3YtmtkBss6A2HY6BnJH4N/4Ku97Ri/SF8sNWE2225WJw=="
  "resolved" "https://registry.npmjs.org/optional/-/optional-0.1.4.tgz"
  "version" "0.1.4"

"os-homedir@^1.0.0":
  "version" "1.0.2"

"os-tmpdir@^1.0.0":
  "version" "1.0.2"

"osenv@^0.1.4":
  "version" "0.1.5"
  dependencies:
    "os-homedir" "^1.0.0"
    "os-tmpdir" "^1.0.0"

"parseurl@~1.3.2":
  "integrity" "sha512-CiyeOxFT/JZyN5m0z9PfXw4SCBJ6Sygz1Dpl0wqjlhDEGGBP1GnsUVEL0p63hoG1fcj3fHynXi9NYO4nWOL+qQ=="
  "resolved" "https://registry.npmjs.org/parseurl/-/parseurl-1.3.3.tgz"
  "version" "1.3.3"

"path-is-absolute@^1.0.0":
  "version" "1.0.1"

"path-parse@^1.0.6":
  "integrity" "sha512-GSmOT2EbHrINBf9SR7CDELwlJ8AENk3Qn7OikK4nFYAu3Ote2+JYNVvkpAEQm3/TLNEJFD/xZJjzyxg3KBWOzw=="
  "resolved" "https://registry.npmjs.org/path-parse/-/path-parse-1.0.6.tgz"
  "version" "1.0.6"

"path-to-regexp@0.1.7":
  "integrity" "sha1-32BBeABfUi8V60SQ5yR6G/qmf4w="
  "resolved" "https://registry.npmjs.org/path-to-regexp/-/path-to-regexp-0.1.7.tgz"
  "version" "0.1.7"

"process-nextick-args@~2.0.0":
  "version" "2.0.0"

"prom-client@>= 10 <= 12", "prom-client@>= 10.x <= 13.x":
  "integrity" "sha512-JbzzHnw0VDwCvoqf8y1WDtq4wSBAbthMB1pcVI/0lzdqHGJI3KBJDXle70XK+c7Iv93Gihqo0a5LlOn+g8+DrQ=="
  "resolved" "https://registry.npmjs.org/prom-client/-/prom-client-12.0.0.tgz"
  "version" "12.0.0"
  dependencies:
    "tdigest" "^0.1.1"

"prometheus-gc-stats@^0.6.2":
  "integrity" "sha512-vCX+HZ1jZHkha25r5dAcRSNjue+K3Hn0B33EcZl7y3hgp3o1YsQ4Y3x7oJWKvDdbelFIL0McsXGmRg3zBrmq+g=="
  "resolved" "https://registry.npmjs.org/prometheus-gc-stats/-/prometheus-gc-stats-0.6.3.tgz"
  "version" "0.6.3"
  dependencies:
    "optional" "^0.1.3"
  optionalDependencies:
    "gc-stats" "^1.4.0"

"promise@^7.0.1":
  "integrity" "sha512-nolQXZ/4L+bP/UGlkfaIujX9BKxGwmQ9OT4mOt5yvy8iK1h3wqTEJCijzGANTCCl9nWjY41juyAn2K3Q1hLLTg=="
  "resolved" "https://registry.npmjs.org/promise/-/promise-7.3.1.tgz"
  "version" "7.3.1"
  dependencies:
    "asap" "~2.0.3"

"proxy-addr@~2.0.4":
  "integrity" "sha512-dh/frvCBVmSsDYzw6n926jv974gddhkFPfiN8hPOi30Wax25QZyZEGveluCgliBnqmuM+UJmBErbAUFIoDbjOw=="
  "resolved" "https://registry.npmjs.org/proxy-addr/-/proxy-addr-2.0.6.tgz"
  "version" "2.0.6"
  dependencies:
    "forwarded" "~0.1.2"
    "ipaddr.js" "1.9.1"

"pug-attrs@^2.0.2":
  "integrity" "sha512-TaZ4Z2TWUPDJcV3wjU3RtUXMrd3kM4Wzjbe3EWnSsZPsJ3LDI0F3yCnf2/W7PPFF+edUFQ0HgDL1IoxSz5K8EQ=="
  "resolved" "https://registry.npmjs.org/pug-attrs/-/pug-attrs-2.0.4.tgz"
  "version" "2.0.4"
  dependencies:
    "constantinople" "^3.0.1"
    "js-stringify" "^1.0.1"
    "pug-runtime" "^2.0.5"

"pug-code-gen@^1.1.1":
  "integrity" "sha1-HPcnRO8qA56uajNAyqoRBYcSWOg="
  "resolved" "https://registry.npmjs.org/pug-code-gen/-/pug-code-gen-1.1.1.tgz"
  "version" "1.1.1"
  dependencies:
    "constantinople" "^3.0.1"
    "doctypes" "^1.1.0"
    "js-stringify" "^1.0.1"
    "pug-attrs" "^2.0.2"
    "pug-error" "^1.3.2"
    "pug-runtime" "^2.0.3"
    "void-elements" "^2.0.1"
    "with" "^5.0.0"

"pug-error@^1.3.2", "pug-error@^1.3.3":
  "integrity" "sha512-qE3YhESP2mRAWMFJgKdtT5D7ckThRScXRwkfo+Erqga7dyJdY3ZquspprMCj/9sJ2ijm5hXFWQE/A3l4poMWiQ=="
  "resolved" "https://registry.npmjs.org/pug-error/-/pug-error-1.3.3.tgz"
  "version" "1.3.3"

"pug-filters@^2.1.1":
  "integrity" "sha512-xkw71KtrC4sxleKiq+cUlQzsiLn8pM5+vCgkChW2E6oNOzaqTSIBKIQ5cl4oheuDzvJYCTSYzRaVinMUrV4YLQ=="
  "resolved" "https://registry.npmjs.org/pug-filters/-/pug-filters-2.1.5.tgz"
  "version" "2.1.5"
  dependencies:
    "clean-css" "^3.3.0"
    "constantinople" "^3.0.1"
    "jstransformer" "1.0.0"
    "pug-error" "^1.3.2"
    "pug-walk" "^1.1.5"
    "resolve" "^1.1.6"
    "uglify-js" "^2.6.1"

"pug-lexer@^3.0.0":
  "integrity" "sha1-/QhzdtSmdbT1n4/vQiiDQ06VgaI="
  "resolved" "https://registry.npmjs.org/pug-lexer/-/pug-lexer-3.1.0.tgz"
  "version" "3.1.0"
  dependencies:
    "character-parser" "^2.1.1"
    "is-expression" "^3.0.0"
    "pug-error" "^1.3.2"

"pug-linker@^2.0.2":
  "integrity" "sha1-szH/olc33eacEntWwQ/xf652bco="
  "resolved" "https://registry.npmjs.org/pug-linker/-/pug-linker-2.0.3.tgz"
  "version" "2.0.3"
  dependencies:
    "pug-error" "^1.3.2"
    "pug-walk" "^1.1.2"

"pug-load@^2.0.5":
  "integrity" "sha512-UqpgGpyyXRYgJs/X60sE6SIf8UBsmcHYKNaOccyVLEuT6OPBIMo6xMPhoJnqtB3Q3BbO4Z3Bjz5qDsUWh4rXsg=="
  "resolved" "https://registry.npmjs.org/pug-load/-/pug-load-2.0.12.tgz"
  "version" "2.0.12"
  dependencies:
    "object-assign" "^4.1.0"
    "pug-walk" "^1.1.8"

"pug-parser@^2.0.2":
  "integrity" "sha1-U6aAz9BQOdywwn0CkJS8SnkmibA="
  "resolved" "https://registry.npmjs.org/pug-parser/-/pug-parser-2.0.2.tgz"
  "version" "2.0.2"
  dependencies:
    "pug-error" "^1.3.2"
    "token-stream" "0.0.1"

"pug-runtime@^2.0.3", "pug-runtime@^2.0.5":
  "integrity" "sha512-P+rXKn9un4fQY77wtpcuFyvFaBww7/91f3jHa154qU26qFAnOe6SW1CbIDcxiG5lLK9HazYrMCCuDvNgDQNptw=="
  "resolved" "https://registry.npmjs.org/pug-runtime/-/pug-runtime-2.0.5.tgz"
  "version" "2.0.5"

"pug-strip-comments@^1.0.2":
  "integrity" "sha512-i5j/9CS4yFhSxHp5iKPHwigaig/VV9g+FgReLJWWHEHbvKsbqL0oP/K5ubuLco6Wu3Kan5p7u7qk8A4oLLh6vw=="
  "resolved" "https://registry.npmjs.org/pug-strip-comments/-/pug-strip-comments-1.0.4.tgz"
  "version" "1.0.4"
  dependencies:
    "pug-error" "^1.3.3"

"pug-walk@^1.1.2", "pug-walk@^1.1.5", "pug-walk@^1.1.8":
  "integrity" "sha512-GMu3M5nUL3fju4/egXwZO0XLi6fW/K3T3VTgFQ14GxNi8btlxgT5qZL//JwZFm/2Fa64J/PNS8AZeys3wiMkVA=="
  "resolved" "https://registry.npmjs.org/pug-walk/-/pug-walk-1.1.8.tgz"
  "version" "1.1.8"

"pug@2.0.0-beta11":
  "integrity" "sha1-Favmr1AEx+LPRhPksnRlyVRrXwE="
  "resolved" "https://registry.npmjs.org/pug/-/pug-2.0.0-beta11.tgz"
  "version" "2.0.0-beta11"
  dependencies:
    "pug-code-gen" "^1.1.1"
    "pug-filters" "^2.1.1"
    "pug-lexer" "^3.0.0"
    "pug-linker" "^2.0.2"
    "pug-load" "^2.0.5"
    "pug-parser" "^2.0.2"
    "pug-runtime" "^2.0.3"
    "pug-strip-comments" "^1.0.2"

"qs@6.5.2":
  "integrity" "sha512-N5ZAX4/LxJmF+7wN74pUD6qAh9/wnvdQcjq9TZjevvXzSUo7bfmw91saqMjzGS2xq91/odN2dW/WOl7qQHNDGA=="
  "resolved" "https://registry.npmjs.org/qs/-/qs-6.5.2.tgz"
  "version" "6.5.2"

"range-parser@~1.2.0":
  "integrity" "sha512-Hrgsx+orqoygnmhFbKaHE6c296J+HTAQXoxEF6gNupROmmGJRoyzfG3ccAveqCBrwr/2yxQ5BVd/GTl5agOwSg=="
  "resolved" "https://registry.npmjs.org/range-parser/-/range-parser-1.2.1.tgz"
  "version" "1.2.1"

"raw-body@2.3.3":
  "integrity" "sha512-9esiElv1BrZoI3rCDuOuKCBRbuApGGaDPQfjSflGxdy4oyzqghxu6klEkkVIvBje+FF0BX9coEv8KqW6X/7njw=="
  "resolved" "https://registry.npmjs.org/raw-body/-/raw-body-2.3.3.tgz"
  "version" "2.3.3"
  dependencies:
    "bytes" "3.0.0"
    "http-errors" "1.6.3"
    "iconv-lite" "0.4.23"
    "unpipe" "1.0.0"

"rc@^1.2.7":
  "version" "1.2.8"
  dependencies:
    "deep-extend" "^0.6.0"
    "ini" "~1.3.0"
    "minimist" "^1.2.0"
    "strip-json-comments" "~2.0.1"

"readable-stream@^2.0.6":
  "version" "2.3.6"
  dependencies:
    "core-util-is" "~1.0.0"
    "inherits" "~2.0.3"
    "isarray" "~1.0.0"
    "process-nextick-args" "~2.0.0"
    "safe-buffer" "~5.1.1"
    "string_decoder" "~1.1.1"
    "util-deprecate" "~1.0.1"

"regenerator-runtime@^0.11.0":
  "integrity" "sha512-MguG95oij0fC3QV3URf4V2SDYGJhJnJGqvIIgdECeODCT98wSWDAJ94SSuVpYQUoTcGUIL6L4yNB7j1DFFHSBg=="
  "resolved" "https://registry.npmjs.org/regenerator-runtime/-/regenerator-runtime-0.11.1.tgz"
  "version" "0.11.1"

"repeat-string@^1.5.2":
  "integrity" "sha1-jcrkcOHIirwtYA//Sndihtp15jc="
  "resolved" "https://registry.npmjs.org/repeat-string/-/repeat-string-1.6.1.tgz"
  "version" "1.6.1"

"resolve@^1.1.6":
  "integrity" "sha512-ic+7JYiV8Vi2yzQGFWOkiZD5Z9z7O2Zhm9XMaTxdJExKasieFCr+yXZ/WmXsckHiKl12ar0y6XiXDx3m4RHn1w=="
  "resolved" "https://registry.npmjs.org/resolve/-/resolve-1.17.0.tgz"
  "version" "1.17.0"
  dependencies:
    "path-parse" "^1.0.6"

"response-time@^2.3.2":
  "integrity" "sha1-/6cbq5UtYvfB1Jt0NDVfvGjf/Fo="
  "resolved" "https://registry.npmjs.org/response-time/-/response-time-2.3.2.tgz"
  "version" "2.3.2"
  dependencies:
    "depd" "~1.1.0"
    "on-headers" "~1.0.1"

"right-align@^0.1.1":
  "integrity" "sha1-YTObci/mo1FWiSENJOFMlhSGE+8="
  "resolved" "https://registry.npmjs.org/right-align/-/right-align-0.1.3.tgz"
  "version" "0.1.3"
  dependencies:
    "align-text" "^0.1.1"

"rimraf@^2.6.1":
  "version" "2.6.3"
  dependencies:
    "glob" "^7.1.3"

"safe-buffer@^5.1.2", "safe-buffer@~5.1.0", "safe-buffer@~5.1.1":
  "version" "5.1.2"

"safe-buffer@5.1.2":
  "integrity" "sha512-Gd2UZBJDkXlY7GbJxfsE8/nvKkUEU1G38c1siN6QP6a9PT9MmHB8GnpscSmMJSoF8LOIrt8ud/wPtojys4G6+g=="
  "resolved" "https://registry.npmjs.org/safe-buffer/-/safe-buffer-5.1.2.tgz"
  "version" "5.1.2"

"safer-buffer@>= 2.1.2 < 3":
  "integrity" "sha512-YZo3K82SD7Riyi0E1EQPojLz7kpepnSQI9IyPbHHg1XXXevb5dJI7tpyN2ADxGcQbHG7vcyRHk0cbwqcQriUtg=="
  "resolved" "https://registry.npmjs.org/safer-buffer/-/safer-buffer-2.1.2.tgz"
  "version" "2.1.2"

"sax@^1.2.4":
  "version" "1.2.4"

"semver@^5.3.0":
  "version" "5.7.0"

"send@0.16.2":
  "integrity" "sha512-E64YFPUssFHEFBvpbbjr44NCLtI1AohxQ8ZSiJjQLskAdKuriYEP6VyGEsRDH8ScozGpkaX1BGvhanqCwkcEZw=="
  "resolved" "https://registry.npmjs.org/send/-/send-0.16.2.tgz"
  "version" "0.16.2"
  dependencies:
    "debug" "2.6.9"
    "depd" "~1.1.2"
    "destroy" "~1.0.4"
    "encodeurl" "~1.0.2"
    "escape-html" "~1.0.3"
    "etag" "~1.8.1"
    "fresh" "0.5.2"
    "http-errors" "~1.6.2"
    "mime" "1.4.1"
    "ms" "2.0.0"
    "on-finished" "~2.3.0"
    "range-parser" "~1.2.0"
    "statuses" "~1.4.0"

"serve-static@1.13.2":
  "integrity" "sha512-p/tdJrO4U387R9oMjb1oj7qSMaMfmOyd4j9hOFoxZe2baQszgHcSWjuya/CiT5kgZZKRudHNOA0pYXOl8rQ5nw=="
  "resolved" "https://registry.npmjs.org/serve-static/-/serve-static-1.13.2.tgz"
  "version" "1.13.2"
  dependencies:
    "encodeurl" "~1.0.2"
    "escape-html" "~1.0.3"
    "parseurl" "~1.3.2"
    "send" "0.16.2"

"set-blocking@~2.0.0":
  "version" "2.0.0"

"setprototypeof@1.1.0":
  "integrity" "sha512-BvE/TwpZX4FXExxOxZyRGQQv651MSwmWKZGqvmPcRIjDqWub67kTKuIMx43cZZrS/cBBzwBcNDWoFxt2XEFIpQ=="
  "resolved" "https://registry.npmjs.org/setprototypeof/-/setprototypeof-1.1.0.tgz"
  "version" "1.1.0"

"signal-exit@^3.0.0":
  "version" "3.0.2"

"source-map@~0.5.1":
  "integrity" "sha1-igOdLRAh0i0eoUyA2OpGi6LvP8w="
  "resolved" "https://registry.npmjs.org/source-map/-/source-map-0.5.7.tgz"
  "version" "0.5.7"

"source-map@0.4.x":
  "integrity" "sha1-66T12pwNyZneaAMti092FzZSA2s="
  "resolved" "https://registry.npmjs.org/source-map/-/source-map-0.4.4.tgz"
  "version" "0.4.4"
  dependencies:
    "amdefine" ">=0.0.4"

"statuses@>= 1.4.0 < 2", "statuses@~1.4.0":
  "integrity" "sha512-zhSCtt8v2NDrRlPQpCNtw/heZLtfUDqxBM1udqikb/Hbk52LK4nQSwr10u77iopCW5LsyHpuXS0GnEc48mLeew=="
  "resolved" "https://registry.npmjs.org/statuses/-/statuses-1.4.0.tgz"
  "version" "1.4.0"

"string_decoder@~1.1.1":
  "version" "1.1.1"
  dependencies:
    "safe-buffer" "~5.1.0"

"string-width@^1.0.1", "string-width@^1.0.2 || 2":
  "version" "1.0.2"
  dependencies:
    "code-point-at" "^1.0.0"
    "is-fullwidth-code-point" "^1.0.0"
    "strip-ansi" "^3.0.0"

"strip-ansi@^3.0.0", "strip-ansi@^3.0.1":
  "version" "3.0.1"
  dependencies:
    "ansi-regex" "^2.0.0"

"strip-json-comments@~2.0.1":
  "version" "2.0.1"

"tar@^4":
  "version" "4.4.8"
  dependencies:
    "chownr" "^1.1.1"
    "fs-minipass" "^1.2.5"
    "minipass" "^2.3.4"
    "minizlib" "^1.1.1"
    "mkdirp" "^0.5.0"
    "safe-buffer" "^5.1.2"
    "yallist" "^3.0.2"

"tdigest@^0.1.1":
  "integrity" "sha1-Ljyyw56kSeVdHmzZEReszKRYgCE="
  "resolved" "https://registry.npmjs.org/tdigest/-/tdigest-0.1.1.tgz"
  "version" "0.1.1"
  dependencies:
    "bintrees" "1.0.1"

"to-fast-properties@^1.0.3":
  "integrity" "sha1-uDVx+k2MJbguIxsG46MFXeTKGkc="
  "resolved" "https://registry.npmjs.org/to-fast-properties/-/to-fast-properties-1.0.3.tgz"
  "version" "1.0.3"

"token-stream@0.0.1":
  "integrity" "sha1-zu78cXp2xDFvEm0LnbqlXX598Bo="
  "resolved" "https://registry.npmjs.org/token-stream/-/token-stream-0.0.1.tgz"
  "version" "0.0.1"

"type-is@~1.6.16":
  "integrity" "sha512-TkRKr9sUTxEH8MdfuCSP7VizJyzRNMjj2J2do2Jr3Kym598JVdEksuzPQCnlFPW4ky9Q+iA+ma9BGm06XQBy8g=="
  "resolved" "https://registry.npmjs.org/type-is/-/type-is-1.6.18.tgz"
  "version" "1.6.18"
  dependencies:
    "media-typer" "0.3.0"
    "mime-types" "~2.1.24"

"uglify-js@^2.6.1":
  "integrity" "sha1-KcVzMUgFe7Th913zW3qcty5qWd0="
  "resolved" "https://registry.npmjs.org/uglify-js/-/uglify-js-2.8.29.tgz"
  "version" "2.8.29"
  dependencies:
    "source-map" "~0.5.1"
    "yargs" "~3.10.0"
  optionalDependencies:
    "uglify-to-browserify" "~1.0.0"

"uglify-to-browserify@~1.0.0":
  "integrity" "sha1-bgkk1r2mta/jSeOabWMoUKD4grc="
  "resolved" "https://registry.npmjs.org/uglify-to-browserify/-/uglify-to-browserify-1.0.2.tgz"
  "version" "1.0.2"

"unpipe@~1.0.0", "unpipe@1.0.0":
  "integrity" "sha1-sr9O6FFKrmFltIF4KdIbLvSZBOw="
  "resolved" "https://registry.npmjs.org/unpipe/-/unpipe-1.0.0.tgz"
  "version" "1.0.0"

"url-value-parser@^2.0.0":
  "integrity" "sha512-FjIX+Q9lYmDM9uYIGdMYfQW0uLbWVwN2NrL2ayAI7BTOvEwzH+VoDdNquwB9h4dFAx+u6mb0ONLa3sHD5DvyvA=="
  "resolved" "https://registry.npmjs.org/url-value-parser/-/url-value-parser-2.0.3.tgz"
  "version" "2.0.3"

"util-deprecate@~1.0.1":
  "version" "1.0.2"

"utils-merge@1.0.1":
  "integrity" "sha1-n5VxD1CiZ5R7LMwSR0HBAoQn5xM="
  "resolved" "https://registry.npmjs.org/utils-merge/-/utils-merge-1.0.1.tgz"
  "version" "1.0.1"

"vary@~1.1.2":
  "integrity" "sha1-IpnwLG3tMNSllhsLn3RSShj2NPw="
  "resolved" "https://registry.npmjs.org/vary/-/vary-1.1.2.tgz"
  "version" "1.1.2"

"void-elements@^2.0.1":
  "integrity" "sha1-wGavtYK7HLQSjWDqkjkulNXp2+w="
  "resolved" "https://registry.npmjs.org/void-elements/-/void-elements-2.0.1.tgz"
  "version" "2.0.1"

"wide-align@^1.1.0":
  "version" "1.1.3"
  dependencies:
    "string-width" "^1.0.2 || 2"

"window-size@0.1.0":
  "integrity" "sha1-VDjNLqk7IC76Ohn+iIeu58lPnJ0="
  "resolved" "https://registry.npmjs.org/window-size/-/window-size-0.1.0.tgz"
  "version" "0.1.0"

"with@^5.0.0":
  "integrity" "sha1-+k2qktrzLE6pTtRTyB8EaGtXXf4="
  "resolved" "https://registry.npmjs.org/with/-/with-5.1.1.tgz"
  "version" "5.1.1"
  dependencies:
    "acorn" "^3.1.0"
    "acorn-globals" "^3.0.0"

"wordwrap@0.0.2":
  "integrity" "sha1-t5Zpu0LstAn4PVg8rVLKF+qhZD8="
  "resolved" "https://registry.npmjs.org/wordwrap/-/wordwrap-0.0.2.tgz"
  "version" "0.0.2"

"wrappy@1":
  "version" "1.0.2"

"yallist@^3.0.0", "yallist@^3.0.2":
  "version" "3.0.3"

"yargs@~3.10.0":
  "integrity" "sha1-9+572FfdfB0tOMDnTvvWgdFDH9E="
  "resolved" "https://registry.npmjs.org/yargs/-/yargs-3.10.0.tgz"
  "version" "3.10.0"
  dependencies:
    "camelcase" "^1.0.2"
    "cliui" "^2.1.0"
    "decamelize" "^1.0.0"
    "window-size" "0.1.0"
